
Microsoft Visual Studio Solution File, Format Version 12.00
# Visual Studio Version 17
VisualStudioVersion = 17.6.33829.357
MinimumVisualStudioVersion = 10.0.40219.1
Project("{FAE04EC0-301F-11D3-BF4B-00C04F79EFBC}") = "Metalurgica", "Metalurgica.csproj", "{BE293C65-7C32-47EE-BED0-88C93FBC39E2}"
EndProject
Project("{FAE04EC0-301F-11D3-BF4B-00C04F79EFBC}") = "Modelo", "..\Modelo\Modelo.csproj", "{6B9C98B8-9E19-42B2-9C30-49608DCCD3D7}"
EndProject
Global
	GlobalSection(SolutionConfigurationPlatforms) = preSolution
		Debug|Any CPU = Debug|Any CPU
		Release|Any CPU = Release|Any CPU
	EndGlobalSection
	GlobalSection(ProjectConfigurationPlatforms) = postSolution
		{BE293C65-7C32-47EE-BED0-88C93FBC39E2}.Debug|Any CPU.ActiveCfg = Debug|Any CPU
		{BE293C65-7C32-47EE-BED0-88C93FBC39E2}.Debug|Any CPU.Build.0 = Debug|Any CPU
		{BE293C65-7C32-47EE-BED0-88C93FBC39E2}.Release|Any CPU.ActiveCfg = Release|Any CPU
		{BE293C65-7C32-47EE-BED0-88C93FBC39E2}.Release|Any CPU.Build.0 = Release|Any CPU
		{6B9C98B8-9E19-42B2-9C30-49608DCCD3D7}.Debug|Any CPU.ActiveCfg = Debug|Any CPU
		{6B9C98B8-9E19-42B2-9C30-49608DCCD3D7}.Debug|Any CPU.Build.0 = Debug|Any CPU
		{6B9C98B8-9E19-42B2-9C30-49608DCCD3D7}.Release|Any CPU.ActiveCfg = Release|Any CPU
		{6B9C98B8-9E19-42B2-9C30-49608DCCD3D7}.Release|Any CPU.Build.0 = Release|Any CPU
	EndGlobalSection
	GlobalSection(SolutionProperties) = preSolution
		HideSolutionNode = FALSE
	EndGlobalSection
	GlobalSection(ExtensibilityGlobals) = postSolution
		SolutionGuid = {BBCB4367-6AF5-404F-BB61-2E2A13E70847}
	EndGlobalSection
EndGlobal
